// !$*UTF8*$!
{
	archiveVersion = 1;
	classes = {
	};
	objectVersion = 46;
	objects = {

/* Begin PBXBuildFile section */
		A31549B71E2F9CAD00BC830C /* ScrollviewTutorial1ViewController.m in Sources */ = {isa = PBXBuildFile; fileRef = A31549B61E2F9CAD00BC830C /* ScrollviewTutorial1ViewController.m */; };
		A31549BA1E2F9CDA00BC830C /* ScrollviewItemViewController.m in Sources */ = {isa = PBXBuildFile; fileRef = A31549B91E2F9CDA00BC830C /* ScrollviewItemViewController.m */; };
		A31549BE1E2FB03500BC830C /* QuizModel.m in Sources */ = {isa = PBXBuildFile; fileRef = A31549BD1E2FB03500BC830C /* QuizModel.m */; };
		A31549C11E2FBEF200BC830C /* OSScrollView.m in Sources */ = {isa = PBXBuildFile; fileRef = A31549C01E2FBEF200BC830C /* OSScrollView.m */; };
		A358BD3C1E2E193A00DAEB56 /* main.m in Sources */ = {isa = PBXBuildFile; fileRef = A358BD3B1E2E193A00DAEB56 /* main.m */; };
		A358BD451E2E193A00DAEB56 /* Main.storyboard in Resources */ = {isa = PBXBuildFile; fileRef = A358BD431E2E193A00DAEB56 /* Main.storyboard */; };
		A358BD471E2E193A00DAEB56 /* Assets.xcassets in Resources */ = {isa = PBXBuildFile; fileRef = A358BD461E2E193A00DAEB56 /* Assets.xcassets */; };
		A358BD4A1E2E193A00DAEB56 /* LaunchScreen.storyboard in Resources */ = {isa = PBXBuildFile; fileRef = A358BD481E2E193A00DAEB56 /* LaunchScreen.storyboard */; };
		A358BD571E2E19C400DAEB56 /* MainViewController.m in Sources */ = {isa = PBXBuildFile; fileRef = A358BD561E2E19C400DAEB56 /* MainViewController.m */; };
		A358BD5A1E2E19CA00DAEB56 /* AppDelegate.m in Sources */ = {isa = PBXBuildFile; fileRef = A358BD591E2E19CA00DAEB56 /* AppDelegate.m */; };
		A358BD5D1E2E1B2D00DAEB56 /* OSGlobals.m in Sources */ = {isa = PBXBuildFile; fileRef = A358BD5C1E2E1B2D00DAEB56 /* OSGlobals.m */; };
		A358BD601E2E1B4500DAEB56 /* OSSectionModel.m in Sources */ = {isa = PBXBuildFile; fileRef = A358BD5F1E2E1B4500DAEB56 /* OSSectionModel.m */; };
		A358BD631E2E1B5000DAEB56 /* OSRowModel.m in Sources */ = {isa = PBXBuildFile; fileRef = A358BD621E2E1B5000DAEB56 /* OSRowModel.m */; };
		A358BD671E2E1FD600DAEB56 /* AutoLayoutTutorial1ViewController.m in Sources */ = {isa = PBXBuildFile; fileRef = A358BD661E2E1FD600DAEB56 /* AutoLayoutTutorial1ViewController.m */; };
/* End PBXBuildFile section */

/* Begin PBXFileReference section */
		A31549B51E2F9CAD00BC830C /* ScrollviewTutorial1ViewController.h */ = {isa = PBXFileReference; fileEncoding = 4; lastKnownFileType = sourcecode.c.h; path = ScrollviewTutorial1ViewController.h; sourceTree = "<group>"; };
		A31549B61E2F9CAD00BC830C /* ScrollviewTutorial1ViewController.m */ = {isa = PBXFileReference; fileEncoding = 4; lastKnownFileType = sourcecode.c.objc; path = ScrollviewTutorial1ViewController.m; sourceTree = "<group>"; };
		A31549B81E2F9CDA00BC830C /* ScrollviewItemViewController.h */ = {isa = PBXFileReference; fileEncoding = 4; lastKnownFileType = sourcecode.c.h; path = ScrollviewItemViewController.h; sourceTree = "<group>"; };
		A31549B91E2F9CDA00BC830C /* ScrollviewItemViewController.m */ = {isa = PBXFileReference; fileEncoding = 4; lastKnownFileType = sourcecode.c.objc; path = ScrollviewItemViewController.m; sourceTree = "<group>"; };
		A31549BC1E2FB03500BC830C /* QuizModel.h */ = {isa = PBXFileReference; fileEncoding = 4; lastKnownFileType = sourcecode.c.h; path = QuizModel.h; sourceTree = "<group>"; };
		A31549BD1E2FB03500BC830C /* QuizModel.m */ = {isa = PBXFileReference; fileEncoding = 4; lastKnownFileType = sourcecode.c.objc; path = QuizModel.m; sourceTree = "<group>"; };
		A31549BF1E2FBEF200BC830C /* OSScrollView.h */ = {isa = PBXFileReference; fileEncoding = 4; lastKnownFileType = sourcecode.c.h; path = OSScrollView.h; sourceTree = "<group>"; };
		A31549C01E2FBEF200BC830C /* OSScrollView.m */ = {isa = PBXFileReference; fileEncoding = 4; lastKnownFileType = sourcecode.c.objc; path = OSScrollView.m; sourceTree = "<group>"; };
		A358BD371E2E193A00DAEB56 /* TutorialApp.app */ = {isa = PBXFileReference; explicitFileType = wrapper.application; includeInIndex = 0; path = TutorialApp.app; sourceTree = BUILT_PRODUCTS_DIR; };
		A358BD3B1E2E193A00DAEB56 /* main.m */ = {isa = PBXFileReference; lastKnownFileType = sourcecode.c.objc; path = main.m; sourceTree = "<group>"; };
		A358BD441E2E193A00DAEB56 /* Base */ = {isa = PBXFileReference; lastKnownFileType = file.storyboard; name = Base; path = Base.lproj/Main.storyboard; sourceTree = "<group>"; };
		A358BD461E2E193A00DAEB56 /* Assets.xcassets */ = {isa = PBXFileReference; lastKnownFileType = folder.assetcatalog; path = Assets.xcassets; sourceTree = "<group>"; };
		A358BD491E2E193A00DAEB56 /* Base */ = {isa = PBXFileReference; lastKnownFileType = file.storyboard; name = Base; path = Base.lproj/LaunchScreen.storyboard; sourceTree = "<group>"; };
		A358BD4B1E2E193A00DAEB56 /* Info.plist */ = {isa = PBXFileReference; lastKnownFileType = text.plist.xml; path = Info.plist; sourceTree = "<group>"; };
		A358BD551E2E19C400DAEB56 /* MainViewController.h */ = {isa = PBXFileReference; fileEncoding = 4; lastKnownFileType = sourcecode.c.h; path = MainViewController.h; sourceTree = "<group>"; };
		A358BD561E2E19C400DAEB56 /* MainViewController.m */ = {isa = PBXFileReference; fileEncoding = 4; lastKnownFileType = sourcecode.c.objc; path = MainViewController.m; sourceTree = "<group>"; };
		A358BD581E2E19CA00DAEB56 /* AppDelegate.h */ = {isa = PBXFileReference; fileEncoding = 4; lastKnownFileType = sourcecode.c.h; path = AppDelegate.h; sourceTree = "<group>"; };
		A358BD591E2E19CA00DAEB56 /* AppDelegate.m */ = {isa = PBXFileReference; fileEncoding = 4; lastKnownFileType = sourcecode.c.objc; path = AppDelegate.m; sourceTree = "<group>"; };
		A358BD5B1E2E1B2D00DAEB56 /* OSGlobals.h */ = {isa = PBXFileReference; fileEncoding = 4; lastKnownFileType = sourcecode.c.h; path = OSGlobals.h; sourceTree = "<group>"; };
		A358BD5C1E2E1B2D00DAEB56 /* OSGlobals.m */ = {isa = PBXFileReference; fileEncoding = 4; lastKnownFileType = sourcecode.c.objc; path = OSGlobals.m; sourceTree = "<group>"; };
		A358BD5E1E2E1B4500DAEB56 /* OSSectionModel.h */ = {isa = PBXFileReference; fileEncoding = 4; lastKnownFileType = sourcecode.c.h; path = OSSectionModel.h; sourceTree = "<group>"; };
		A358BD5F1E2E1B4500DAEB56 /* OSSectionModel.m */ = {isa = PBXFileReference; fileEncoding = 4; lastKnownFileType = sourcecode.c.objc; path = OSSectionModel.m; sourceTree = "<group>"; };
		A358BD611E2E1B5000DAEB56 /* OSRowModel.h */ = {isa = PBXFileReference; fileEncoding = 4; lastKnownFileType = sourcecode.c.h; path = OSRowModel.h; sourceTree = "<group>"; };
		A358BD621E2E1B5000DAEB56 /* OSRowModel.m */ = {isa = PBXFileReference; fileEncoding = 4; lastKnownFileType = sourcecode.c.objc; path = OSRowModel.m; sourceTree = "<group>"; };
		A358BD651E2E1FD600DAEB56 /* AutoLayoutTutorial1ViewController.h */ = {isa = PBXFileReference; fileEncoding = 4; lastKnownFileType = sourcecode.c.h; path = AutoLayoutTutorial1ViewController.h; sourceTree = "<group>"; };
		A358BD661E2E1FD600DAEB56 /* AutoLayoutTutorial1ViewController.m */ = {isa = PBXFileReference; fileEncoding = 4; lastKnownFileType = sourcecode.c.objc; path = AutoLayoutTutorial1ViewController.m; sourceTree = "<group>"; };
/* End PBXFileReference section */

/* Begin PBXFrameworksBuildPhase section */
		A358BD341E2E193A00DAEB56 /* Frameworks */ = {
			isa = PBXFrameworksBuildPhase;
			buildActionMask = 2147483647;
			files = (
			);
			runOnlyForDeploymentPostprocessing = 0;
		};
/* End PBXFrameworksBuildPhase section */

/* Begin PBXGroup section */
		A31549B41E2F9C9D00BC830C /* ScrollView */ = {
			isa = PBXGroup;
			children = (
				A31549B51E2F9CAD00BC830C /* ScrollviewTutorial1ViewController.h */,
				A31549B61E2F9CAD00BC830C /* ScrollviewTutorial1ViewController.m */,
				A31549B81E2F9CDA00BC830C /* ScrollviewItemViewController.h */,
				A31549B91E2F9CDA00BC830C /* ScrollviewItemViewController.m */,
			);
			path = ScrollView;
			sourceTree = "<group>";
		};
		A31549BB1E2FB02500BC830C /* ScrollViewTutorial */ = {
			isa = PBXGroup;
			children = (
				A31549BC1E2FB03500BC830C /* QuizModel.h */,
				A31549BD1E2FB03500BC830C /* QuizModel.m */,
			);
			path = ScrollViewTutorial;
			sourceTree = "<group>";
		};
		A358BD2E1E2E193A00DAEB56 = {
			isa = PBXGroup;
			children = (
				A358BD391E2E193A00DAEB56 /* TutorialApp */,
				A358BD381E2E193A00DAEB56 /* Products */,
			);
			sourceTree = "<group>";
		};
		A358BD381E2E193A00DAEB56 /* Products */ = {
			isa = PBXGroup;
			children = (
				A358BD371E2E193A00DAEB56 /* TutorialApp.app */,
			);
			name = Products;
			sourceTree = "<group>";
		};
		A358BD391E2E193A00DAEB56 /* TutorialApp */ = {
			isa = PBXGroup;
			children = (
				A358BD511E2E19AF00DAEB56 /* Controller */,
				A358BD521E2E19AF00DAEB56 /* Model */,
				A358BD531E2E19AF00DAEB56 /* View */,
				A358BD541E2E19AF00DAEB56 /* ViewController */,
				A358BD3A1E2E193A00DAEB56 /* Supporting Files */,
			);
			path = TutorialApp;
			sourceTree = "<group>";
		};
		A358BD3A1E2E193A00DAEB56 /* Supporting Files */ = {
			isa = PBXGroup;
			children = (
				A358BD431E2E193A00DAEB56 /* Main.storyboard */,
				A358BD461E2E193A00DAEB56 /* Assets.xcassets */,
				A358BD481E2E193A00DAEB56 /* LaunchScreen.storyboard */,
				A358BD4B1E2E193A00DAEB56 /* Info.plist */,
				A358BD3B1E2E193A00DAEB56 /* main.m */,
			);
			name = "Supporting Files";
			sourceTree = "<group>";
		};
		A358BD511E2E19AF00DAEB56 /* Controller */ = {
			isa = PBXGroup;
			children = (
				A358BD581E2E19CA00DAEB56 /* AppDelegate.h */,
				A358BD591E2E19CA00DAEB56 /* AppDelegate.m */,
			);
			path = Controller;
			sourceTree = "<group>";
		};
		A358BD521E2E19AF00DAEB56 /* Model */ = {
			isa = PBXGroup;
			children = (
				A31549BB1E2FB02500BC830C /* ScrollViewTutorial */,
				A358BD5B1E2E1B2D00DAEB56 /* OSGlobals.h */,
				A358BD5C1E2E1B2D00DAEB56 /* OSGlobals.m */,
				A358BD5E1E2E1B4500DAEB56 /* OSSectionModel.h */,
				A358BD5F1E2E1B4500DAEB56 /* OSSectionModel.m */,
				A358BD611E2E1B5000DAEB56 /* OSRowModel.h */,
				A358BD621E2E1B5000DAEB56 /* OSRowModel.m */,
			);
			path = Model;
			sourceTree = "<group>";
		};
		A358BD531E2E19AF00DAEB56 /* View */ = {
			isa = PBXGroup;
			children = (
				A31549BF1E2FBEF200BC830C /* OSScrollView.h */,
				A31549C01E2FBEF200BC830C /* OSScrollView.m */,
			);
			path = View;
			sourceTree = "<group>";
		};
		A358BD541E2E19AF00DAEB56 /* ViewController */ = {
			isa = PBXGroup;
			children = (
				A31549B41E2F9C9D00BC830C /* ScrollView */,
				A358BD641E2E1FB900DAEB56 /* AutoLayout */,
				A358BD551E2E19C400DAEB56 /* MainViewController.h */,
				A358BD561E2E19C400DAEB56 /* MainViewController.m */,
			);
			path = ViewController;
			sourceTree = "<group>";
		};
		A358BD641E2E1FB900DAEB56 /* AutoLayout */ = {
			isa = PBXGroup;
			children = (
				A358BD651E2E1FD600DAEB56 /* AutoLayoutTutorial1ViewController.h */,
				A358BD661E2E1FD600DAEB56 /* AutoLayoutTutorial1ViewController.m */,
			);
			path = AutoLayout;
			sourceTree = "<group>";
		};
/* End PBXGroup section */

/* Begin PBXNativeTarget section */
		A358BD361E2E193A00DAEB56 /* TutorialApp */ = {
			isa = PBXNativeTarget;
			buildConfigurationList = A358BD4E1E2E193A00DAEB56 /* Build configuration list for PBXNativeTarget "TutorialApp" */;
			buildPhases = (
				A358BD331E2E193A00DAEB56 /* Sources */,
				A358BD341E2E193A00DAEB56 /* Frameworks */,
				A358BD351E2E193A00DAEB56 /* Resources */,
			);
			buildRules = (
			);
			dependencies = (
			);
			name = TutorialApp;
			productName = TutorialApp;
			productReference = A358BD371E2E193A00DAEB56 /* TutorialApp.app */;
			productType = "com.apple.product-type.application";
		};
/* End PBXNativeTarget section */

/* Begin PBXProject section */
		A358BD2F1E2E193A00DAEB56 /* Project object */ = {
			isa = PBXProject;
			attributes = {
				LastUpgradeCheck = 0810;
				ORGANIZATIONNAME = KOCSISTEM;
				TargetAttributes = {
					A358BD361E2E193A00DAEB56 = {
						CreatedOnToolsVersion = 8.1;
						ProvisioningStyle = Manual;
					};
				};
			};
			buildConfigurationList = A358BD321E2E193A00DAEB56 /* Build configuration list for PBXProject "TutorialApp" */;
			compatibilityVersion = "Xcode 3.2";
			developmentRegion = English;
			hasScannedForEncodings = 0;
			knownRegions = (
				en,
				Base,
			);
			mainGroup = A358BD2E1E2E193A00DAEB56;
			productRefGroup = A358BD381E2E193A00DAEB56 /* Products */;
			projectDirPath = "";
			projectRoot = "";
			targets = (
				A358BD361E2E193A00DAEB56 /* TutorialApp */,
			);
		};
/* End PBXProject section */

/* Begin PBXResourcesBuildPhase section */
		A358BD351E2E193A00DAEB56 /* Resources */ = {
			isa = PBXResourcesBuildPhase;
			buildActionMask = 2147483647;
			files = (
				A358BD4A1E2E193A00DAEB56 /* LaunchScreen.storyboard in Resources */,
				A358BD471E2E193A00DAEB56 /* Assets.xcassets in Resources */,
				A358BD451E2E193A00DAEB56 /* Main.storyboard in Resources */,
			);
			runOnlyForDeploymentPostprocessing = 0;
		};
/* End PBXResourcesBuildPhase section */

/* Begin PBXSourcesBuildPhase section */
		A358BD331E2E193A00DAEB56 /* Sources */ = {
			isa = PBXSourcesBuildPhase;
			buildActionMask = 2147483647;
			files = (
				A358BD671E2E1FD600DAEB56 /* AutoLayoutTutorial1ViewController.m in Sources */,
				A358BD631E2E1B5000DAEB56 /* OSRowModel.m in Sources */,
				A31549BE1E2FB03500BC830C /* QuizModel.m in Sources */,
				A358BD5D1E2E1B2D00DAEB56 /* OSGlobals.m in Sources */,
				A358BD3C1E2E193A00DAEB56 /* main.m in Sources */,
				A31549B71E2F9CAD00BC830C /* ScrollviewTutorial1ViewController.m in Sources */,
				A31549BA1E2F9CDA00BC830C /* ScrollviewItemViewController.m in Sources */,
				A358BD571E2E19C400DAEB56 /* MainViewController.m in Sources */,
				A358BD601E2E1B4500DAEB56 /* OSSectionModel.m in Sources */,
				A358BD5A1E2E19CA00DAEB56 /* AppDelegate.m in Sources */,
				A31549C11E2FBEF200BC830C /* OSScrollView.m in Sources */,
			);
			runOnlyForDeploymentPostprocessing = 0;
		};
/* End PBXSourcesBuildPhase section */

/* Begin PBXVariantGroup section */
		A358BD431E2E193A00DAEB56 /* Main.storyboard */ = {
			isa = PBXVariantGroup;
			children = (
				A358BD441E2E193A00DAEB56 /* Base */,
			);
			name = Main.storyboard;
			sourceTree = "<group>";
		};
		A358BD481E2E193A00DAEB56 /* LaunchScreen.storyboard */ = {
			isa = PBXVariantGroup;
			children = (
				A358BD491E2E193A00DAEB56 /* Base */,
			);
			name = LaunchScreen.storyboard;
			sourceTree = "<group>";
		};
/* End PBXVariantGroup section */

/* Begin XCBuildConfiguration section */
		A358BD4C1E2E193A00DAEB56 /* Debug */ = {
			isa = XCBuildConfiguration;
			buildSettings = {
				ALWAYS_SEARCH_USER_PATHS = NO;
				CLANG_ANALYZER_NONNULL = YES;
				CLANG_CXX_LANGUAGE_STANDARD = "gnu++0x";
				CLANG_CXX_LIBRARY = "libc++";
				CLANG_ENABLE_MODULES = YES;
				CLANG_ENABLE_OBJC_ARC = YES;
				CLANG_WARN_BOOL_CONVERSION = YES;
				CLANG_WARN_CONSTANT_CONVERSION = YES;
				CLANG_WARN_DIRECT_OBJC_ISA_USAGE = YES_ERROR;
				CLANG_WARN_DOCUMENTATION_COMMENTS = YES;
				CLANG_WARN_EMPTY_BODY = YES;
				CLANG_WARN_ENUM_CONVERSION = YES;
				CLANG_WARN_INFINITE_RECURSION = YES;
				CLANG_WARN_INT_CONVERSION = YES;
				CLANG_WARN_OBJC_ROOT_CLASS = YES_ERROR;
				CLANG_WARN_SUSPICIOUS_MOVES = YES;
				CLANG_WARN_UNREACHABLE_CODE = YES;
				CLANG_WARN__DUPLICATE_METHOD_MATCH = YES;
				"CODE_SIGN_IDENTITY[sdk=iphoneos*]" = "iPhone Developer";
				COPY_PHASE_STRIP = NO;
				DEBUG_INFORMATION_FORMAT = dwarf;
				ENABLE_STRICT_OBJC_MSGSEND = YES;
				ENABLE_TESTABILITY = YES;
				GCC_C_LANGUAGE_STANDARD = gnu99;
				GCC_DYNAMIC_NO_PIC = NO;
				GCC_NO_COMMON_BLOCKS = YES;
				GCC_OPTIMIZATION_LEVEL = 0;
				GCC_PREPROCESSOR_DEFINITIONS = (
					"DEBUG=1",
					"$(inherited)",
				);
				GCC_WARN_64_TO_32_BIT_CONVERSION = YES;
				GCC_WARN_ABOUT_RETURN_TYPE = YES_ERROR;
				GCC_WARN_UNDECLARED_SELECTOR = YES;
				GCC_WARN_UNINITIALIZED_AUTOS = YES_AGGRESSIVE;
				GCC_WARN_UNUSED_FUNCTION = YES;
				GCC_WARN_UNUSED_VARIABLE = YES;
				IPHONEOS_DEPLOYMENT_TARGET = 10.1;
				MTL_ENABLE_DEBUG_INFO = YES;
				ONLY_ACTIVE_ARCH = YES;
				SDKROOT = iphoneos;
			};
			name = Debug;
		};
		A358BD4D1E2E193A00DAEB56 /* Release */ = {
			isa = XCBuildConfiguration;
			buildSettings = {
				ALWAYS_SEARCH_USER_PATHS = NO;
				CLANG_ANALYZER_NONNULL = YES;
				CLANG_CXX_LANGUAGE_STANDARD = "gnu++0x";
				CLANG_CXX_LIBRARY = "libc++";
				CLANG_ENABLE_MODULES = YES;
				CLANG_ENABLE_OBJC_ARC = YES;
				CLANG_WARN_BOOL_CONVERSION = YES;
				CLANG_WARN_CONSTANT_CONVERSION = YES;
				CLANG_WARN_DIRECT_OBJC_ISA_USAGE = YES_ERROR;
				CLANG_WARN_DOCUMENTATION_COMMENTS = YES;
				CLANG_WARN_EMPTY_BODY = YES;
				CLANG_WARN_ENUM_CONVERSION = YES;
				CLANG_WARN_INFINITE_RECURSION = YES;
				CLANG_WARN_INT_CONVERSION = YES;
				CLANG_WARN_OBJC_ROOT_CLASS = YES_ERROR;
				CLANG_WARN_SUSPICIOUS_MOVES = YES;
				CLANG_WARN_UNREACHABLE_CODE = YES;
				CLANG_WARN__DUPLICATE_METHOD_MATCH = YES;
				"CODE_SIGN_IDENTITY[sdk=iphoneos*]" = "iPhone Developer";
				COPY_PHASE_STRIP = NO;
				DEBUG_INFORMATION_FORMAT = "dwarf-with-dsym";
				ENABLE_NS_ASSERTIONS = NO;
				ENABLE_STRICT_OBJC_MSGSEND = YES;
				GCC_C_LANGUAGE_STANDARD = gnu99;
				GCC_NO_COMMON_BLOCKS = YES;
				GCC_WARN_64_TO_32_BIT_CONVERSION = YES;
				GCC_WARN_ABOUT_RETURN_TYPE = YES_ERROR;
				GCC_WARN_UNDECLARED_SELECTOR = YES;
				GCC_WARN_UNINITIALIZED_AUTOS = YES_AGGRESSIVE;
				GCC_WARN_UNUSED_FUNCTION = YES;
				GCC_WARN_UNUSED_VARIABLE = YES;
				IPHONEOS_DEPLOYMENT_TARGET = 10.1;
				MTL_ENABLE_DEBUG_INFO = NO;
				SDKROOT = iphoneos;
				VALIDATE_PRODUCT = YES;
			};
			name = Release;
		};
		A358BD4F1E2E193A00DAEB56 /* Debug */ = {
			isa = XCBuildConfiguration;
			buildSettings = {
				ASSETCATALOG_COMPILER_APPICON_NAME = AppIcon;
				CODE_SIGN_STYLE = Manual;
				DEVELOPMENT_TEAM = "";
				INFOPLIST_FILE = TutorialApp/Info.plist;
				IPHONEOS_DEPLOYMENT_TARGET = 8.0;
				LD_RUNPATH_SEARCH_PATHS = "$(inherited) @executable_path/Frameworks";
				PRODUCT_BUNDLE_IDENTIFIER = com.turkiyefinans.mobile.uat;
				PRODUCT_NAME = "$(TARGET_NAME)";
				PROVISIONING_PROFILE_SPECIFIER = "";
			};
			name = Debug;
		};
		A358BD501E2E193A00DAEB56 /* Release */ = {
			isa = XCBuildConfiguration;
			buildSettings = {
				ASSETCATALOG_COMPILER_APPICON_NAME = AppIcon;
				CODE_SIGN_STYLE = Manual;
				DEVELOPMENT_TEAM = "";
				INFOPLIST_FILE = TutorialApp/Info.plist;
				IPHONEOS_DEPLOYMENT_TARGET = 8.0;
				LD_RUNPATH_SEARCH_PATHS = "$(inherited) @executable_path/Frameworks";
				PRODUCT_BUNDLE_IDENTIFIER = com.turkiyefinans.mobile.uat;
				PRODUCT_NAME = "$(TARGET_NAME)";
				PROVISIONING_PROFILE_SPECIFIER = "";
			};
			name = Release;
		};
		E32DC270216B8F5400330AB9 /* UAT */ = {
			isa = XCBuildConfiguration;
			buildSettings = {
				ALWAYS_SEARCH_USER_PATHS = NO;
				CLANG_ANALYZER_NONNULL = YES;
				CLANG_CXX_LANGUAGE_STANDARD = "gnu++0x";
				CLANG_CXX_LIBRARY = "libc++";
				CLANG_ENABLE_MODULES = YES;
				CLANG_ENABLE_OBJC_ARC = YES;
				CLANG_WARN_BOOL_CONVERSION = YES;
				CLANG_WARN_CONSTANT_CONVERSION = YES;
				CLANG_WARN_DIRECT_OBJC_ISA_USAGE = YES_ERROR;
				CLANG_WARN_DOCUMENTATION_COMMENTS = YES;
				CLANG_WARN_EMPTY_BODY = YES;
				CLANG_WARN_ENUM_CONVERSION = YES;
				CLANG_WARN_INFINITE_RECURSION = YES;
				CLANG_WARN_INT_CONVERSION = YES;
				CLANG_WARN_OBJC_ROOT_CLASS = YES_ERROR;
				CLANG_WARN_SUSPICIOUS_MOVES = YES;
				CLANG_WARN_UNREACHABLE_CODE = YES;
				CLANG_WARN__DUPLICATE_METHOD_MATCH = YES;
				"CODE_SIGN_IDENTITY[sdk=iphoneos*]" = "iPhone Developer";
				COPY_PHASE_STRIP = NO;
				DEBUG_INFORMATION_FORMAT = "dwarf-with-dsym";
				ENABLE_NS_ASSERTIONS = NO;
				ENABLE_STRICT_OBJC_MSGSEND = YES;
				GCC_C_LANGUAGE_STANDARD = gnu99;
				GCC_NO_COMMON_BLOCKS = YES;
				GCC_WARN_64_TO_32_BIT_CONVERSION = YES;
				GCC_WARN_ABOUT_RETURN_TYPE = YES_ERROR;
				GCC_WARN_UNDECLARED_SELECTOR = YES;
				GCC_WARN_UNINITIALIZED_AUTOS = YES_AGGRESSIVE;
				GCC_WARN_UNUSED_FUNCTION = YES;
				GCC_WARN_UNUSED_VARIABLE = YES;
				IPHONEOS_DEPLOYMENT_TARGET = 10.1;
				MTL_ENABLE_DEBUG_INFO = NO;
				SDKROOT = iphoneos;
				VALIDATE_PRODUCT = YES;
			};
			name = UAT;
		};
		E32DC271216B8F5400330AB9 /* UAT */ = {
			isa = XCBuildConfiguration;
			buildSettings = {
				ASSETCATALOG_COMPILER_APPICON_NAME = AppIcon;
				"CODE_SIGN_IDENTITY[sdk=iphoneos*]" = "iPhone Distribution";
				CODE_SIGN_STYLE = Manual;
				DEVELOPMENT_TEAM = E7PVWFY4DK;
				INFOPLIST_FILE = TutorialApp/Info.plist;
				IPHONEOS_DEPLOYMENT_TARGET = 8.0;
				LD_RUNPATH_SEARCH_PATHS = "$(inherited) @executable_path/Frameworks";
				PRODUCT_BUNDLE_IDENTIFIER = com.turkiyefinans.mobile.uat;
				PRODUCT_NAME = "$(TARGET_NAME)";
				PROVISIONING_PROFILE = "672e1ee6-0678-40e1-b095-5d64565556b5";
				PROVISIONING_PROFILE_SPECIFIER = "TFKB Mobile UAT";
			};
			name = UAT;
		};
/* End XCBuildConfiguration section */

/* Begin XCConfigurationList section */
		A358BD321E2E193A00DAEB56 /* Build configuration list for PBXProject "TutorialApp" */ = {
			isa = XCConfigurationList;
			buildConfigurations = (
				A358BD4C1E2E193A00DAEB56 /* Debug */,
				A358BD4D1E2E193A00DAEB56 /* Release */,
				E32DC270216B8F5400330AB9 /* UAT */,
			);
			defaultConfigurationIsVisible = 0;
			defaultConfigurationName = Release;
		};
		A358BD4E1E2E193A00DAEB56 /* Build configuration list for PBXNativeTarget "TutorialApp" */ = {
			isa = XCConfigurationList;
			buildConfigurations = (
				A358BD4F1E2E193A00DAEB56 /* Debug */,
				A358BD501E2E193A00DAEB56 /* Release */,
				E32DC271216B8F5400330AB9 /* UAT */,
			);
			defaultConfigurationIsVisible = 0;
			defaultConfigurationName = Release;
		};
/* End XCConfigurationList section */
	};
	rootObject = A358BD2F1E2E193A00DAEB56 /* Project object */;
}
